
Microsoft Visual Studio Solution File, Format Version 12.00
# Visual Studio 2013
VisualStudioVersion = 12.0.40629.0
MinimumVisualStudioVersion = 10.0.40219.1
Project("{FAE04EC0-301F-11D3-BF4B-00C04F79EFBC}") = "AnXinWH.SocketRFIDService", "AnXinWH.SocketRFIDService\AnXinWH.SocketRFIDService.csproj", "{6266B82F-6837-456A-A670-AD104AC6FB4B}"
EndProject
Project("{FAE04EC0-301F-11D3-BF4B-00C04F79EFBC}") = "ClassLibraryApi", "ClassLibraryApi\ClassLibraryApi.csproj", "{2A246EB9-09C8-4597-B355-98E232B65805}"
EndProject
Project("{FAE04EC0-301F-11D3-BF4B-00C04F79EFBC}") = "AnXinWH.SocketRFIDClient", "AnXinWH.SocketRFIDClient\AnXinWH.SocketRFIDClient.csproj", "{09E42C3A-42DF-4AD9-84E1-2403911B6702}"
EndProject
Global
	GlobalSection(SolutionConfigurationPlatforms) = preSolution
		Debug|Any CPU = Debug|Any CPU
		Release|Any CPU = Release|Any CPU
	EndGlobalSection
	GlobalSection(ProjectConfigurationPlatforms) = postSolution
		{6266B82F-6837-456A-A670-AD104AC6FB4B}.Debug|Any CPU.ActiveCfg = Debug|Any CPU
		{6266B82F-6837-456A-A670-AD104AC6FB4B}.Debug|Any CPU.Build.0 = Debug|Any CPU
		{6266B82F-6837-456A-A670-AD104AC6FB4B}.Release|Any CPU.ActiveCfg = Release|Any CPU
		{6266B82F-6837-456A-A670-AD104AC6FB4B}.Release|Any CPU.Build.0 = Release|Any CPU
		{2A246EB9-09C8-4597-B355-98E232B65805}.Debug|Any CPU.ActiveCfg = Debug|Any CPU
		{2A246EB9-09C8-4597-B355-98E232B65805}.Debug|Any CPU.Build.0 = Debug|Any CPU
		{2A246EB9-09C8-4597-B355-98E232B65805}.Release|Any CPU.ActiveCfg = Release|Any CPU
		{2A246EB9-09C8-4597-B355-98E232B65805}.Release|Any CPU.Build.0 = Release|Any CPU
		{09E42C3A-42DF-4AD9-84E1-2403911B6702}.Debug|Any CPU.ActiveCfg = Debug|Any CPU
		{09E42C3A-42DF-4AD9-84E1-2403911B6702}.Debug|Any CPU.Build.0 = Debug|Any CPU
		{09E42C3A-42DF-4AD9-84E1-2403911B6702}.Release|Any CPU.ActiveCfg = Release|Any CPU
		{09E42C3A-42DF-4AD9-84E1-2403911B6702}.Release|Any CPU.Build.0 = Release|Any CPU
	EndGlobalSection
	GlobalSection(SolutionProperties) = preSolution
		HideSolutionNode = FALSE
	EndGlobalSection
EndGlobal
